github.com/SentimensRG/ctx v0.0.0-20180729130232-0bfd988c655d h1:CbB/Ef3TyBvSSJx2HDSUiw49ONTpaX6BGiI0jJEX6b8=
github.com/SentimensRG/ctx v0.0.0-20180729130232-0bfd988c655d/go.mod h1:cfn0Ycx1ASzCkl8+04zI4hrclf9YQ1QfncxzFiNtQLo=
github.com/amaury95/protoc-gen-go-tag v0.2.70 h1:nlzuTbn9B0bK4O+l4IhWeQYyYhli2gs7a/nPPV5upec=
github.com/amaury95/protoc-gen-go-tag v0.2.70/go.mod h1:ei69jMVlcAz0kB3cTt2iT94wDuVdBQJ1y/RCMrCDtMc=
github.com/amaury95/protoc-gen-go-tag v0.2.73 h1:mCAZq5E2dP7HH8kCl3vAHlmvAt56BaPZRJuloN12Asc=
github.com/amaury95/protoc-gen-go-tag v0.2.73/go.mod h1:ei69jMVlcAz0kB3cTt2iT94wDuVdBQJ1y/RCMrCDtMc=
github.com/amaury95/protoc-gen-go-tag v0.2.75 h1:HoyZ6cAwURd413RvoaYcYCR8JQHTLZC3Pzdt+YQMPXk=
github.com/amaury95/protoc-gen-go-tag v0.2.75/go.mod h1:ei69jMVlcAz0kB3cTt2iT94wDuVdBQJ1y/RCMrCDtMc=
github.com/amaury95/protoc-gen-go-tag v0.2.79 h1:HqnPpCvs/xRjk7E8U8mYtGH8qYcZ8NWfRDANvzqcuhM=
github.com/amaury95/protoc-gen-go-tag v0.2.79/go.mod h1:ei69jMVlcAz0kB3cTt2iT94wDuVdBQJ1y/RCMrCDtMc=
github.com/amaury95/protoc-gen-go-tag v0.2.81 h1:Dj7CxU62NDH4E3dBVjUHD89ko7BBG4z2Z9z8U7Y2lzw=
github.com/amaury95/protoc-gen-go-tag v0.2.81/go.mod h1:ei69jMVlcAz0kB3cTt2iT94wDuVdBQJ1y/RCMrCDtMc=
github.com/amaury95/protoc-gen-go-tag v0.3.20 h1:O03dk45STDIum2d5cofgt0qhP9EQj7Z4vVx91cr6L64=
github.com/amaury95/protoc-gen-go-tag v0.3.20/go.mod h1:ei69jMVlcAz0kB3cTt2iT94wDuVdBQJ1y/RCMrCDtMc=
github.com/amaury95/protoc-gen-go-tag v0.3.21 h1:HVfSYp8rHE86P4WdWROYAUt9amfwdh3gpliHlkWkNPM=
github.com/amaury95/protoc-gen-go-tag v0.3.21/go.mod h1:ei69jMVlcAz0kB3cTt2iT94wDuVdBQJ1y/RCMrCDtMc=
github.com/amaury95/protoc-gen-go-tag v0.3.22 h1:edJSYTmxOEx91yLUNtB4PM2eWjQ59962jCicwVGeF4A=
github.com/amaury95/protoc-gen-go-tag v0.3.22/go.mod h1:ei69jMVlcAz0kB3cTt2iT94wDuVdBQJ1y/RCMrCDtMc=
github.com/amaury95/protoc-gen-go-tag v0.3.23 h1:5B+2Pikihas8tXACasqXacTWxSJPnvGPfifRoefkt8k=
github.com/amaury95/protoc-gen-go-tag v0.3.23/go.mod h1:ei69jMVlcAz0kB3cTt2iT94wDuVdBQJ1y/RCMrCDtMc=
github.com/amaury95/protoc-gen-go-tag v0.3.24 h1:SM0vJiHl5THcD06RxmjlxDj08l1RH884C6GrpyM0wM8=
github.com/amaury95/protoc-gen-go-tag v0.3.24/go.mod h1:ei69jMVlcAz0kB3cTt2iT94wDuVdBQJ1y/RCMrCDtMc=
github.com/amaury95/protoc-gen-go-tag v0.3.25 h1:9Gn662NuXnBkseKxhyPswbSSWnDNr+MsT/2jVJLB/q8=
github.com/amaury95/protoc-gen-go-tag v0.3.25/go.mod h1:ei69jMVlcAz0kB3cTt2iT94wDuVdBQJ1y/RCMrCDtMc=
github.com/amaury95/protoc-gen-go-tag v0.3.26 h1:plogKYHcB+uCZqsH5E6+OW9vpKpOeA4vcaDXo5Ct54Y=
github.com/amaury95/protoc-gen-go-tag v0.3.26/go.mod h1:ei69jMVlcAz0kB3cTt2iT94wDuVdBQJ1y/RCMrCDtMc=
github.com/amaury95/protoc-gen-go-tag v0.3.27 h1:7zKEZjFRubo77Nhy9d5saT/AC1XWLdgylip6Qo+Y2Z4=
github.com/amaury95/protoc-gen-go-tag v0.3.27/go.mod h1:ei69jMVlcAz0kB3cTt2iT94wDuVdBQJ1y/RCMrCDtMc=
github.com/amaury95/protoc-gen-go-tag v0.3.28 h1:sqgqSoV/L+DIl538euVBXhrxGi23yzRhIGmhHm1W/oI=
github.com/amaury95/protoc-gen-go-tag v0.3.28/go.mod h1:ei69jMVlcAz0kB3cTt2iT94wDuVdBQJ1y/RCMrCDtMc=
github.com/amaury95/protoc-gen-go-tag v0.3.29 h1:8+2J+IqlXIVUqpf+nQHW0IvyEJl3Iard/DW9rz92oYM=
github.com/amaury95/protoc-gen-go-tag v0.3.29/go.mod h1:ei69jMVlcAz0kB3cTt2iT94wDuVdBQJ1y/RCMrCDtMc=
github.com/amaury95/protoc-gen-go-tag v0.3.30 h1:4xWRr3j0RM3p0fM7Xo79aPo3V+P665cCTADlJKFhcLI=
github.com/amaury95/protoc-gen-go-tag v0.3.30/go.mod h1:ei69jMVlcAz0kB3cTt2iT94wDuVdBQJ1y/RCMrCDtMc=
github.com/amaury95/protoc-gen-go-tag v0.3.31 h1:vBECwBfrz/PJhIkY1wDk2tFoKlnjXT7D5k4nPhgwi3I=
github.com/amaury95/protoc-gen-go-tag v0.3.31/go.mod h1:ei69jMVlcAz0kB3cTt2iT94wDuVdBQJ1y/RCMrCDtMc=
github.com/amaury95/protoc-gen-go-tag v0.3.32 h1:M71eGXWYtwwJ/GGSRy9XmlDQ47g/No9MaFA5eweNOjo=
github.com/amaury95/protoc-gen-go-tag v0.3.32/go.mod h1:ei69jMVlcAz0kB3cTt2iT94wDuVdBQJ1y/RCMrCDtMc=
github.com/arangodb/go-driver v1.6.1 h1:bnhrpbA4U1NU13JOWs5sWWYMtQwdjKT0+jkl8dSndyY=
github.com/arangodb/go-driver v1.6.1/go.mod h1:ywucwwi34GBxxXFWw/ym+7/66//L4K9abxk/sFJro2k=
github.com/arangodb/go-velocypack v0.0.0-20200318135517-5af53c29c67e h1:Xg+hGrY2LcQBbxd0ZFdbGSyRKTYMZCfBbw/pMJFOk1g=
github.com/arangodb/go-velocypack v0.0.0-20200318135517-5af53c29c67e/go.mod h1:mq7Shfa/CaixoDxiyAAc5jZ6CVBAyPaNQCGS7mkj4Ho=
github.com/davecgh/go-spew v1.1.0/go.mod h1:J7Y8YcW2NihsgmVo/mv3lAwl/skON4iLHjSsI+c5H38=
github.com/davecgh/go-spew v1.1.1 h1:vj9j/u1bqnvCEfJOwUhtlOARqs3+rkHYY13jYWTU97c=
github.com/davecgh/go-spew v1.1.1/go.mod h1:J7Y8YcW2NihsgmVo/mv3lAwl/skON4iLHjSsI+c5H38=
github.com/go-openapi/inflect v0.19.0 h1:9jCH9scKIbHeV9m12SmPilScz6krDxKRasNNSNPXu/4=
github.com/go-openapi/inflect v0.19.0/go.mod h1:lHpZVlpIQqLyKwJ4N+YSc9hchQy/i12fJykb83CRBH4=
github.com/google/go-cmp v0.5.5 h1:Khx7svrCpmxxtHBq5j2mp/xVjsi8hQMfNLvJFAlrGgU=
github.com/gorilla/mux v1.8.1 h1:TuBL49tXwgrFYWhqrNgrUNEY92u81SPhu7sTdzQEiWY=
github.com/gorilla/mux v1.8.1/go.mod h1:AKf9I4AEqPTmMytcMc0KkNouC66V3BtZ4qD5fmWSiMQ=
github.com/pkg/errors v0.9.1 h1:FEBLx1zS214owpjy7qsBeixbURkuhQAwrK5UwLGTwt4=
github.com/pkg/errors v0.9.1/go.mod h1:bwawxfHBFNV+L2hUp1rHADufV3IMtnDRdf1r5NINEl0=
github.com/pmezard/go-difflib v1.0.0 h1:4DBwDE0NGyQoBHbLQYPwSUPoCMWR5BEzIk/f1lZbAQM=
github.com/pmezard/go-difflib v1.0.0/go.mod h1:iKH77koFhYxTK1pcRnkKkqfTogsbg7gZNVY4sRDYZ/4=
github.com/sentimensrg/ctx v0.0.0-20180729130232-0bfd988c655d h1:/PITncxK1NEfHy1k0ze4VklDt62iWz1Se9yc0iTEsew=
github.com/sentimensrg/ctx v0.0.0-20180729130232-0bfd988c655d/go.mod h1:sW4sRRfi2aJxwxA65DUjh8GMXSSJgyLQX+Bpdjv52PU=
github.com/stoewer/go-strcase v1.3.0 h1:g0eASXYtp+yvN9fK8sH94oCIk0fau9uV1/ZdJ0AVEzs=
github.com/stoewer/go-strcase v1.3.0/go.mod h1:fAH5hQ5pehh+j3nZfvwdk2RgEgQjAoM8wodgtPmh1xo=
github.com/stretchr/objx v0.1.0/go.mod h1:HFkY916IF+rwdDfMAkV7OtwuqBVzrE8GR6GFx+wExME=
github.com/stretchr/objx v0.4.0/go.mod h1:YvHI0jy2hoMjB+UWwv71VJQ9isScKT/TqJzVSSt89Yw=
github.com/stretchr/objx v0.5.0/go.mod h1:Yh+to48EsGEfYuaHDzXPcE3xhTkx73EhmCGUpEOglKo=
github.com/stretchr/testify v1.5.1/go.mod h1:5W2xD1RspED5o8YsWQXVCued0rvSQ+mT+I5cxcmMvtA=
github.com/stretchr/testify v1.7.1/go.mod h1:6Fq8oRcR53rry900zMqJjRRixrwX3KX962/h/Wwjteg=
github.com/stretchr/testify v1.8.0/go.mod h1:yNjHg4UonilssWZ8iaSj1OCr/vHnekPRkoO+kdMU+MU=
github.com/stretchr/testify v1.8.1 h1:w7B6lhMri9wdJUVmEZPGGhZzrYTPvgJArz7wNPgYKsk=
github.com/stretchr/testify v1.8.1/go.mod h1:w2LPCIKwWwSfY2zedu0+kehJoqGctiVI29o6fzry7u4=
golang.org/x/xerrors v0.0.0-20191204190536-9bdfabe68543 h1:E7g+9GITq07hpfrRu66IVDexMakfv52eLZ2CXBWiKr4=
google.golang.org/protobuf v1.32.0 h1:pPC6BG5ex8PDFnkbrGU3EixyhKcQ2aDuBS36lqK/C7I=
google.golang.org/protobuf v1.32.0/go.mod h1:c6P6GXX6sHbq/GpV6MGZEdwhWPcYBgnhAHhKbcUYpos=
gopkg.in/check.v1 v0.0.0-20161208181325-20d25e280405/go.mod h1:Co6ibVJAznAaIkqp8huTwlJQCZ016jof/cbN4VW5Yz0=
gopkg.in/yaml.v2 v2.2.2/go.mod h1:hI93XBmqTisBFMUTm0b8Fm+jr3Dg1NNxqwp+5A1VGuI=
gopkg.in/yaml.v3 v3.0.0-20200313102051-9f266ea9e77c/go.mod h1:K4uyk7z7BCEPqu6E+C64Yfv1cQ7kz7rIZviUmN+EgEM=
gopkg.in/yaml.v3 v3.0.1 h1:fxVm/GzAzEWqLHuvctI91KS9hhNmmWOoWu0XTYJS7CA=
gopkg.in/yaml.v3 v3.0.1/go.mod h1:K4uyk7z7BCEPqu6E+C64Yfv1cQ7kz7rIZviUmN+EgEM=
